
Microsoft Visual Studio Solution File, Format Version 12.00
# Visual Studio 15
VisualStudioVersion = 15.0.27703.2000
MinimumVisualStudioVersion = 10.0.40219.1
Project("{8BC9CEB8-8B4A-11D0-8D11-00A0C91BC942}") = "Runtime", "Runtime\Runtime.vcxproj", "{7913F99B-79EE-4B4F-8552-9850FD8A65CD}"
EndProject
Project("{8BC9CEB8-8B4A-11D0-8D11-00A0C91BC942}") = "Default", "Default\Default.vcxitems", "{D5CBF533-5F65-494B-90B2-0217F77980BC}"
EndProject
Project("{8BC9CEB8-8B4A-11D0-8D11-00A0C91BC942}") = "Clusters", "Clusters\Clusters.vcxitems", "{9997C0B0-5248-4573-877D-185CE6CEE621}"
EndProject
Global
	GlobalSection(SharedMSBuildProjectFiles) = preSolution
		Clusters\Clusters.vcxitems*{7913f99b-79ee-4b4f-8552-9850fd8a65cd}*SharedItemsImports = 4
		Default\Default.vcxitems*{7913f99b-79ee-4b4f-8552-9850fd8a65cd}*SharedItemsImports = 4
		Clusters\Clusters.vcxitems*{9997c0b0-5248-4573-877d-185ce6cee621}*SharedItemsImports = 9
		Default\Default.vcxitems*{d5cbf533-5f65-494b-90b2-0217f77980bc}*SharedItemsImports = 9
	EndGlobalSection
	GlobalSection(SolutionConfigurationPlatforms) = preSolution
		Debug|ARM = Debug|ARM
		Debug|ARM64 = Debug|ARM64
		Debug|x64 = Debug|x64
		Debug|x86 = Debug|x86
		Release|ARM = Release|ARM
		Release|ARM64 = Release|ARM64
		Release|x64 = Release|x64
		Release|x86 = Release|x86
	EndGlobalSection
	GlobalSection(ProjectConfigurationPlatforms) = postSolution
		{7913F99B-79EE-4B4F-8552-9850FD8A65CD}.Debug|ARM.ActiveCfg = Debug|ARM
		{7913F99B-79EE-4B4F-8552-9850FD8A65CD}.Debug|ARM.Build.0 = Debug|ARM
		{7913F99B-79EE-4B4F-8552-9850FD8A65CD}.Debug|ARM64.ActiveCfg = Debug|ARM64
		{7913F99B-79EE-4B4F-8552-9850FD8A65CD}.Debug|ARM64.Build.0 = Debug|ARM64
		{7913F99B-79EE-4B4F-8552-9850FD8A65CD}.Debug|x64.ActiveCfg = Debug|x64
		{7913F99B-79EE-4B4F-8552-9850FD8A65CD}.Debug|x64.Build.0 = Debug|x64
		{7913F99B-79EE-4B4F-8552-9850FD8A65CD}.Debug|x86.ActiveCfg = Debug|Win32
		{7913F99B-79EE-4B4F-8552-9850FD8A65CD}.Debug|x86.Build.0 = Debug|Win32
		{7913F99B-79EE-4B4F-8552-9850FD8A65CD}.Release|ARM.ActiveCfg = Release|ARM
		{7913F99B-79EE-4B4F-8552-9850FD8A65CD}.Release|ARM.Build.0 = Release|ARM
		{7913F99B-79EE-4B4F-8552-9850FD8A65CD}.Release|ARM64.ActiveCfg = Release|ARM64
		{7913F99B-79EE-4B4F-8552-9850FD8A65CD}.Release|ARM64.Build.0 = Release|ARM64
		{7913F99B-79EE-4B4F-8552-9850FD8A65CD}.Release|x64.ActiveCfg = Release|x64
		{7913F99B-79EE-4B4F-8552-9850FD8A65CD}.Release|x64.Build.0 = Release|x64
		{7913F99B-79EE-4B4F-8552-9850FD8A65CD}.Release|x86.ActiveCfg = Release|Win32
		{7913F99B-79EE-4B4F-8552-9850FD8A65CD}.Release|x86.Build.0 = Release|Win32
	EndGlobalSection
	GlobalSection(SolutionProperties) = preSolution
		HideSolutionNode = FALSE
	EndGlobalSection
	GlobalSection(ExtensibilityGlobals) = postSolution
		SolutionGuid = {2F463CFA-A858-4508-89A0-AC4A87E20E5B}
	EndGlobalSection
EndGlobal
