<?xml version="1.0" encoding="utf-8"?>
<Project ToolsVersion="4.0" xmlns="http://schemas.microsoft.com/developer/msbuild/2003">
  <ItemGroup>
    <Filter Include="Details">
      <UniqueIdentifier>{5a595499-2062-4b75-8256-fd010efc80a8}</UniqueIdentifier>
    </Filter>
    <Filter Include="Details\Cluster">
      <UniqueIdentifier>{379b7f6e-c009-4b92-af39-252e001232f0}</UniqueIdentifier>
    </Filter>
    <Filter Include="Details\Index">
      <UniqueIdentifier>{989762a5-ca97-4a59-9a6f-bee82dcf5fd4}</UniqueIdentifier>
    </Filter>
    <Filter Include="Details\Vector">
      <UniqueIdentifier>{68b8a5c1-baf6-43d5-b3ad-2d66a81da34a}</UniqueIdentifier>
    </Filter>
  </ItemGroup>
  <ItemGroup>
    <ClInclude Include="$(MSBuildThisFileDirectory)Index.h" />
    <ClInclude Include="$(MSBuildThisFileDirectory)Vector.h" />
    <ClInclude Include="$(MSBuildThisFileDirectory)Details\Cluster\Cluster.h">
      <Filter>Details\Cluster</Filter>
    </ClInclude>
    <ClInclude Include="$(MSBuildThisFileDirectory)Details\Cluster\Group.h">
      <Filter>Details\Cluster</Filter>
    </ClInclude>
    <ClInclude Include="$(MSBuildThisFileDirectory)Details\Cluster\ItemGroup.h">
      <Filter>Details\Cluster</Filter>
    </ClInclude>
    <ClInclude Include="$(MSBuildThisFileDirectory)Details\Cluster\Iterator.h">
      <Filter>Details\Cluster</Filter>
    </ClInclude>
    <ClInclude Include="$(MSBuildThisFileDirectory)Details\Cluster\ParentGroup.h">
      <Filter>Details\Cluster</Filter>
    </ClInclude>
    <ClInclude Include="$(MSBuildThisFileDirectory)Details\Index\Index.h">
      <Filter>Details\Index</Filter>
    </ClInclude>
    <ClInclude Include="$(MSBuildThisFileDirectory)Details\Index\IndexBase.h">
      <Filter>Details\Index</Filter>
    </ClInclude>
    <ClInclude Include="$(MSBuildThisFileDirectory)Details\Index\IndexGroup.h">
      <Filter>Details\Index</Filter>
    </ClInclude>
    <ClInclude Include="$(MSBuildThisFileDirectory)Details\Index\IndexItem.h">
      <Filter>Details\Index</Filter>
    </ClInclude>
    <ClInclude Include="$(MSBuildThisFileDirectory)Details\Index\IndexItemGroup.h">
      <Filter>Details\Index</Filter>
    </ClInclude>
    <ClInclude Include="$(MSBuildThisFileDirectory)Details\Index\IndexIterator.h">
      <Filter>Details\Index</Filter>
    </ClInclude>
    <ClInclude Include="$(MSBuildThisFileDirectory)Details\Index\IndexParentGroup.h">
      <Filter>Details\Index</Filter>
    </ClInclude>
    <ClInclude Include="$(MSBuildThisFileDirectory)Details\Index\StringIndex.h">
      <Filter>Details\Index</Filter>
    </ClInclude>
    <ClInclude Include="$(MSBuildThisFileDirectory)Details\Vector\StringVector.h">
      <Filter>Details\Vector</Filter>
    </ClInclude>
    <ClInclude Include="$(MSBuildThisFileDirectory)Details\Vector\Vector.h">
      <Filter>Details\Vector</Filter>
    </ClInclude>
    <ClInclude Include="$(MSBuildThisFileDirectory)Details\Vector\VectorBase.h">
      <Filter>Details\Vector</Filter>
    </ClInclude>
    <ClInclude Include="$(MSBuildThisFileDirectory)Details\Vector\VectorGroup.h">
      <Filter>Details\Vector</Filter>
    </ClInclude>
    <ClInclude Include="$(MSBuildThisFileDirectory)Details\Vector\VectorItemGroup.h">
      <Filter>Details\Vector</Filter>
    </ClInclude>
    <ClInclude Include="$(MSBuildThisFileDirectory)Details\Vector\VectorIterator.h">
      <Filter>Details\Vector</Filter>
    </ClInclude>
    <ClInclude Include="$(MSBuildThisFileDirectory)Details\Vector\VectorParentGroup.h">
      <Filter>Details\Vector</Filter>
    </ClInclude>
  </ItemGroup>
</Project>