<?xml version="1.0" encoding="utf-8"?>
<Project ToolsVersion="4.0" xmlns="http://schemas.microsoft.com/developer/msbuild/2003">
  <ItemGroup>
    <ClCompile Include="List.cpp" />
    <ClCompile Include="Map.cpp" />
    <ClCompile Include="Catalog.cpp" />
    <ClCompile Include="Details\Catalog\CatalogIterator.cpp">
      <Filter>Details\Catalog</Filter>
    </ClCompile>
    <ClCompile Include="Details\List\ListIterator.cpp">
      <Filter>Details\List</Filter>
    </ClCompile>
    <ClCompile Include="Details\Map\MapIterator.cpp">
      <Filter>Details\Map</Filter>
    </ClCompile>
    <ClCompile Include="pch.cpp" />
    <ClCompile Include="Details\Guid.cpp">
      <Filter>Details</Filter>
    </ClCompile>
  </ItemGroup>
  <ItemGroup>
    <ClInclude Include="List.h" />
    <ClInclude Include="Map.h" />
    <ClInclude Include="Catalog.h" />
    <ClInclude Include="Details\Catalog\CatalogIterator.h">
      <Filter>Details\Catalog</Filter>
    </ClInclude>
    <ClInclude Include="Details\List\ListIterator.h">
      <Filter>Details\List</Filter>
    </ClInclude>
    <ClInclude Include="Details\Map\MapIterator.h">
      <Filter>Details\Map</Filter>
    </ClInclude>
    <ClInclude Include="pch.h" />
    <ClInclude Include="Details\Guid.h">
      <Filter>Details</Filter>
    </ClInclude>
    <ClInclude Include="Details\Handle.h">
      <Filter>Details</Filter>
    </ClInclude>
  </ItemGroup>
  <ItemGroup>
    <Filter Include="Details">
      <UniqueIdentifier>{c27752d1-006b-4f7e-801d-f7972d92caa1}</UniqueIdentifier>
    </Filter>
    <Filter Include="Details\Catalog">
      <UniqueIdentifier>{a149d42a-1ed9-47e7-9d21-a2a024f8bbd2}</UniqueIdentifier>
    </Filter>
    <Filter Include="Details\List">
      <UniqueIdentifier>{59d1a49d-aabf-4d38-b27f-b103b052b71b}</UniqueIdentifier>
    </Filter>
    <Filter Include="Details\Map">
      <UniqueIdentifier>{57b1533a-1716-45fe-97b5-6ed9e71ffe1b}</UniqueIdentifier>
    </Filter>
  </ItemGroup>
</Project>